
Microsoft Visual Studio Solution File, Format Version 12.00
# Visual Studio Version 17
VisualStudioVersion = 17.11.35327.3
MinimumVisualStudioVersion = 10.0.40219.1
Project("{FAE04EC0-301F-11D3-BF4B-00C04F79EFBC}") = "PatronesDisenoEstructurales", "PatronesDisenoEstructurales.csproj", "{9126DA69-4CD3-4AF1-98FB-A059DFC69C18}"
EndProject
Global
	GlobalSection(SolutionConfigurationPlatforms) = preSolution
		Debug|Any CPU = Debug|Any CPU
		Release|Any CPU = Release|Any CPU
	EndGlobalSection
	GlobalSection(ProjectConfigurationPlatforms) = postSolution
		{9126DA69-4CD3-4AF1-98FB-A059DFC69C18}.Debug|Any CPU.ActiveCfg = Debug|Any CPU
		{9126DA69-4CD3-4AF1-98FB-A059DFC69C18}.Debug|Any CPU.Build.0 = Debug|Any CPU
		{9126DA69-4CD3-4AF1-98FB-A059DFC69C18}.Release|Any CPU.ActiveCfg = Release|Any CPU
		{9126DA69-4CD3-4AF1-98FB-A059DFC69C18}.Release|Any CPU.Build.0 = Release|Any CPU
	EndGlobalSection
	GlobalSection(SolutionProperties) = preSolution
		HideSolutionNode = FALSE
	EndGlobalSection
	GlobalSection(ExtensibilityGlobals) = postSolution
		SolutionGuid = {FFA16BDA-C5FE-422A-9DE8-0BD4F2F41008}
	EndGlobalSection
EndGlobal
